{
  "name": "nakama-backend",
  "version": "1.0.0",
  "lockfileVersion": 3,
  "requires": true,
  "packages": {
    "": {
      "name": "nakama-backend",
      "version": "1.0.0",
      "license": "ISC",
      "devDependencies": {
        "nakama-runtime": "https://github.com/heroiclabs/nakama-common/archive/refs/heads/master.tar.gz",
        "typescript": "^5.4.5"
      }
    },
    "node_modules/nakama-runtime": {
      "version": "1.45.0",
      "resolved": "https://github.com/heroiclabs/nakama-common/archive/refs/heads/master.tar.gz",
      "integrity": "sha512-U/7PmM7b5/OX8bgLqqAXKJpDShFuPokTJBMh/wa5JgXzaQ2VOmKoGp8kdKOQ1Ytkgma2XsUYPTYRR/TwuaiNXw==",
      "dev": true
    },
    "node_modules/typescript": {
      "version": "5.4.5",
      "resolved": "https://registry.npmjs.org/typescript/-/typescript-5.4.5.tgz",
      "integrity": "sha512-vcI4UpRgg81oIRUFwR0WSIHKt11nJ7SAVlYNIu+QpqeyXP+gpQJy/Z4+F0aGxSE4MqwjyXvW/TzgkLAx2AGHwQ==",
      "dev": true,
      "bin": {
        "tsc": "bin/tsc",
        "tsserver": "bin/tsserver"
      },
      "engines": {
        "node": ">=14.17"
      }
    }
  }
}
